
Microsoft Visual Studio Solution File, Format Version 12.00
# Visual Studio 15
VisualStudioVersion = 15.0.28010.2036
MinimumVisualStudioVersion = 10.0.40219.1
Project("{FAE04EC0-301F-11D3-BF4B-00C04F79EFBC}") = "MVVM_Sample", "MVVM_Sample\MVVM_Sample.csproj", "{644FE572-34BD-4F14-B15B-6E5B5B244D27}"
EndProject
Global
	GlobalSection(SolutionConfigurationPlatforms) = preSolution
		Debug|Any CPU = Debug|Any CPU
		Release|Any CPU = Release|Any CPU
	EndGlobalSection
	GlobalSection(ProjectConfigurationPlatforms) = postSolution
		{644FE572-34BD-4F14-B15B-6E5B5B244D27}.Debug|Any CPU.ActiveCfg = Debug|Any CPU
		{644FE572-34BD-4F14-B15B-6E5B5B244D27}.Debug|Any CPU.Build.0 = Debug|Any CPU
		{644FE572-34BD-4F14-B15B-6E5B5B244D27}.Release|Any CPU.ActiveCfg = Release|Any CPU
		{644FE572-34BD-4F14-B15B-6E5B5B244D27}.Release|Any CPU.Build.0 = Release|Any CPU
	EndGlobalSection
	GlobalSection(SolutionProperties) = preSolution
		HideSolutionNode = FALSE
	EndGlobalSection
	GlobalSection(ExtensibilityGlobals) = postSolution
		SolutionGuid = {C19AB076-E8A6-404E-91C0-FAF251E7C975}
	EndGlobalSection
EndGlobal
